
Microsoft Visual Studio Solution File, Format Version 12.00
# Visual Studio Version 16
VisualStudioVersion = 16.0.29519.87
MinimumVisualStudioVersion = 10.0.40219.1
Project("{9A19103F-16F7-4668-BE54-9A1E7A4F7556}") = "FileCabinetApp", "FileCabinetApp\FileCabinetApp.csproj", "{B41A2FF7-85D0-465C-B076-C8114805118D}"
EndProject
Project("{FAE04EC0-301F-11D3-BF4B-00C04F79EFBC}") = "FileCabinetGenerator", "FileCabinetGenerator\FileCabinetGenerator.csproj", "{8543BC76-D3FF-4CED-B494-F09E3E8CDA26}"
EndProject
Global
	GlobalSection(SolutionConfigurationPlatforms) = preSolution
		Debug|Any CPU = Debug|Any CPU
		Release|Any CPU = Release|Any CPU
	EndGlobalSection
	GlobalSection(ProjectConfigurationPlatforms) = postSolution
		{B41A2FF7-85D0-465C-B076-C8114805118D}.Debug|Any CPU.ActiveCfg = Debug|Any CPU
		{B41A2FF7-85D0-465C-B076-C8114805118D}.Debug|Any CPU.Build.0 = Debug|Any CPU
		{B41A2FF7-85D0-465C-B076-C8114805118D}.Release|Any CPU.ActiveCfg = Release|Any CPU
		{B41A2FF7-85D0-465C-B076-C8114805118D}.Release|Any CPU.Build.0 = Release|Any CPU
		{8543BC76-D3FF-4CED-B494-F09E3E8CDA26}.Debug|Any CPU.ActiveCfg = Debug|Any CPU
		{8543BC76-D3FF-4CED-B494-F09E3E8CDA26}.Debug|Any CPU.Build.0 = Debug|Any CPU
		{8543BC76-D3FF-4CED-B494-F09E3E8CDA26}.Release|Any CPU.ActiveCfg = Release|Any CPU
		{8543BC76-D3FF-4CED-B494-F09E3E8CDA26}.Release|Any CPU.Build.0 = Release|Any CPU
	EndGlobalSection
	GlobalSection(SolutionProperties) = preSolution
		HideSolutionNode = FALSE
	EndGlobalSection
	GlobalSection(ExtensibilityGlobals) = postSolution
		SolutionGuid = {7B6AFD18-8CF1-408C-91D1-652242218E23}
	EndGlobalSection
EndGlobal
